# THIS IS AN AUTOGENERATED FILE. DO NOT EDIT THIS FILE DIRECTLY.
# yarn lockfile v1


"@types/node@^11.11.3":
  version "11.11.3"
  resolved "https://registry.yarnpkg.com/@types/node/-/node-11.11.3.tgz#7c6b0f8eaf16ae530795de2ad1b85d34bf2f5c58"

colors@~0.6.0-1:
  version "0.6.2"
  resolved "https://registry.yarnpkg.com/colors/-/colors-0.6.2.tgz#2423fe6678ac0c5dae8852e5d0e5be08c997abcc"
  integrity sha1-JCP+ZnisDF2uiFLl0OW+CMmXq8w=

commander@~2.1.0:
  version "2.1.0"
  resolved "https://registry.yarnpkg.com/commander/-/commander-2.1.0.tgz#d121bbae860d9992a3d517ba96f56588e47c6781"
  integrity sha1-0SG7roYNmZKj1Re6lvVliOR8Z4E=

findup@^0.1.5:
  version "0.1.5"
  resolved "https://registry.yarnpkg.com/findup/-/findup-0.1.5.tgz#8ad929a3393bac627957a7e5de4623b06b0e2ceb"
  integrity sha1-itkpozk7rGJ5V6fl3kYjsGsOLOs=
  dependencies:
    colors "~0.6.0-1"
    commander "~2.1.0"

rxjs@^6.4.0:
  version "6.4.0"
  resolved "https://registry.yarnpkg.com/rxjs/-/rxjs-6.4.0.tgz#f3bb0fe7bda7fb69deac0c16f17b50b0b8790504"
  dependencies:
    tslib "^1.9.0"

tslib@^1.9.0, tslib@^1.9.3:
  version "1.9.3"
  resolved "https://registry.yarnpkg.com/tslib/-/tslib-1.9.3.tgz#d7e4dd79245d85428c4d7e4822a79917954ca286"

typescript@^3.3.3333:
  version "3.3.3333"
  resolved "https://registry.yarnpkg.com/typescript/-/typescript-3.3.3333.tgz#171b2c5af66c59e9431199117a3bcadc66fdcfd6"

vscode-jsonrpc@^4.0.0:
  version "4.0.0"
  resolved "https://registry.yarnpkg.com/vscode-jsonrpc/-/vscode-jsonrpc-4.0.0.tgz#a7bf74ef3254d0a0c272fab15c82128e378b3be9"

vscode-languageserver-protocol@3.15.0-next.1:
  version "3.15.0-next.1"
  resolved "https://registry.yarnpkg.com/vscode-languageserver-protocol/-/vscode-languageserver-protocol-3.15.0-next.1.tgz#1e45e224d7eef8c79b4bed75b9dcb1930d2ab8ed"
  dependencies:
    vscode-jsonrpc "^4.0.0"
    vscode-languageserver-types "3.14.0"

vscode-languageserver-types@3.14.0:
  version "3.14.0"
  resolved "https://registry.yarnpkg.com/vscode-languageserver-types/-/vscode-languageserver-types-3.14.0.tgz#d3b5952246d30e5241592b6dde8280e03942e743"

vscode-languageserver@^5.3.0-next.1:
  version "5.3.0-next.1"
  resolved "https://registry.yarnpkg.com/vscode-languageserver/-/vscode-languageserver-5.3.0-next.1.tgz#54a6c454bd48798d36fdd36f6ceed88d6e78390e"
  dependencies:
    vscode-languageserver-protocol "3.15.0-next.1"
    vscode-uri "^1.0.6"

vscode-uri@^1.0.6:
  version "1.0.6"
  resolved "https://registry.yarnpkg.com/vscode-uri/-/vscode-uri-1.0.6.tgz#6b8f141b0bbc44ad7b07e94f82f168ac7608ad4d"
  integrity sha512-sLI2L0uGov3wKVb9EB+vIQBl9tVP90nqRvxSoJ35vI3NjxE8jfsE5DSOhWgSunHSZmKS4OCi2jrtfxK7uyp2ww==
